// !$*UTF8*$!
{
	archiveVersion = 1;
	classes = {
	};
	objectVersion = 56;
	objects = {

/* Begin PBXBuildFile section */
		6333887F2B5411CF00B4E749 /* AppDelegate.swift in Sources */ = {isa = PBXBuildFile; fileRef = 6333887E2B5411CF00B4E749 /* AppDelegate.swift */; };
		633388812B5411CF00B4E749 /* SceneDelegate.swift in Sources */ = {isa = PBXBuildFile; fileRef = 633388802B5411CF00B4E749 /* SceneDelegate.swift */; };
		633388832B5411CF00B4E749 /* ViewController.swift in Sources */ = {isa = PBXBuildFile; fileRef = 633388822B5411CF00B4E749 /* ViewController.swift */; };
		633388862B5411CF00B4E749 /* Main.storyboard in Resources */ = {isa = PBXBuildFile; fileRef = 633388842B5411CF00B4E749 /* Main.storyboard */; };
		633388892B5411CF00B4E749 /* MyVoIPApp.xcdatamodeld in Sources */ = {isa = PBXBuildFile; fileRef = 633388872B5411CF00B4E749 /* MyVoIPApp.xcdatamodeld */; };
		6333888B2B5411D000B4E749 /* Assets.xcassets in Resources */ = {isa = PBXBuildFile; fileRef = 6333888A2B5411D000B4E749 /* Assets.xcassets */; };
		6333888E2B5411D000B4E749 /* LaunchScreen.storyboard in Resources */ = {isa = PBXBuildFile; fileRef = 6333888C2B5411D000B4E749 /* LaunchScreen.storyboard */; };
		633388992B5411D000B4E749 /* MyVoIPAppTests.swift in Sources */ = {isa = PBXBuildFile; fileRef = 633388982B5411D000B4E749 /* MyVoIPAppTests.swift */; };
		633388A32B5411D000B4E749 /* MyVoIPAppUITests.swift in Sources */ = {isa = PBXBuildFile; fileRef = 633388A22B5411D000B4E749 /* MyVoIPAppUITests.swift */; };
		633388A52B5411D000B4E749 /* MyVoIPAppUITestsLaunchTests.swift in Sources */ = {isa = PBXBuildFile; fileRef = 633388A42B5411D000B4E749 /* MyVoIPAppUITestsLaunchTests.swift */; };
		633636AB2B543034002DFE45 /* CoreDataStack.swift in Sources */ = {isa = PBXBuildFile; fileRef = 633636AA2B543034002DFE45 /* CoreDataStack.swift */; };
		633636AD2B5430F2002DFE45 /* UserService.swift in Sources */ = {isa = PBXBuildFile; fileRef = 633636AC2B5430F2002DFE45 /* UserService.swift */; };
		633636AF2B545555002DFE45 /* CoreDataTestStack.swift in Sources */ = {isa = PBXBuildFile; fileRef = 633636AE2B545555002DFE45 /* CoreDataTestStack.swift */; };
		633636B12B545598002DFE45 /* UserServiceTests.swift in Sources */ = {isa = PBXBuildFile; fileRef = 633636B02B545598002DFE45 /* UserServiceTests.swift */; };
		633636B32B545B01002DFE45 /* LoginViewModel.swift in Sources */ = {isa = PBXBuildFile; fileRef = 633636B22B545B01002DFE45 /* LoginViewModel.swift */; };
		633636B52B545D64002DFE45 /* AgoraService.swift in Sources */ = {isa = PBXBuildFile; fileRef = 633636B42B545D64002DFE45 /* AgoraService.swift */; };
		633636B82B545F59002DFE45 /* RtcBasic in Frameworks */ = {isa = PBXBuildFile; productRef = 633636B72B545F59002DFE45 /* RtcBasic */; };
		633636BA2B545F78002DFE45 /* AgoraServiceTests.swift in Sources */ = {isa = PBXBuildFile; fileRef = 633636B92B545F78002DFE45 /* AgoraServiceTests.swift */; };
		633636BE2B546140002DFE45 /* MockAgoraRtcEngineKit.swift in Sources */ = {isa = PBXBuildFile; fileRef = 633636BD2B546140002DFE45 /* MockAgoraRtcEngineKit.swift */; };
		633636C02B546192002DFE45 /* AgoraRtcEngineKitProtocol.swift in Sources */ = {isa = PBXBuildFile; fileRef = 633636BF2B546192002DFE45 /* AgoraRtcEngineKitProtocol.swift */; };
		633636C22B5482D0002DFE45 /* LoginViewModelTests.swift in Sources */ = {isa = PBXBuildFile; fileRef = 633636C12B5482D0002DFE45 /* LoginViewModelTests.swift */; };
		633636C42B54A98E002DFE45 /* FirebaseService.swift in Sources */ = {isa = PBXBuildFile; fileRef = 633636C32B54A98E002DFE45 /* FirebaseService.swift */; };
		633636C62B54AA8E002DFE45 /* MockFirebaseService.swift in Sources */ = {isa = PBXBuildFile; fileRef = 633636C52B54AA8E002DFE45 /* MockFirebaseService.swift */; };
		633636C82B54AB05002DFE45 /* FirebaseServiceTests.swift in Sources */ = {isa = PBXBuildFile; fileRef = 633636C72B54AB05002DFE45 /* FirebaseServiceTests.swift */; };
		633636CA2B54B5C9002DFE45 /* UserListViewModel.swift in Sources */ = {isa = PBXBuildFile; fileRef = 633636C92B54B5C9002DFE45 /* UserListViewModel.swift */; };
		6339B9B12B5422E400ACC97A /* FirebaseDatabase in Frameworks */ = {isa = PBXBuildFile; productRef = 6339B9B02B5422E400ACC97A /* FirebaseDatabase */; };
		6339B9B32B5422E400ACC97A /* FirebaseDatabaseSwift in Frameworks */ = {isa = PBXBuildFile; productRef = 6339B9B22B5422E400ACC97A /* FirebaseDatabaseSwift */; };
		6339B9B52B5425FB00ACC97A /* GoogleService-Info.plist in Resources */ = {isa = PBXBuildFile; fileRef = 6339B9B42B5425FB00ACC97A /* GoogleService-Info.plist */; };
		6339B9B72B54266C00ACC97A /* GoogleService-Info-Example.plist in Resources */ = {isa = PBXBuildFile; fileRef = 6339B9B62B54266C00ACC97A /* GoogleService-Info-Example.plist */; };
		633D24822B58B30D00DB5C99 /* Lottie in Frameworks */ = {isa = PBXBuildFile; productRef = 633D24812B58B30D00DB5C99 /* Lottie */; };
		633D24872B58B6C500DB5C99 /* Splash-Animation.json in Resources */ = {isa = PBXBuildFile; fileRef = 633D24852B58B6C500DB5C99 /* Splash-Animation.json */; };
		633D24882B58B6C500DB5C99 /* Call-Animation.json in Resources */ = {isa = PBXBuildFile; fileRef = 633D24862B58B6C500DB5C99 /* Call-Animation.json */; };
		633D248A2B58E35F00DB5C99 /* UIComponents.swift in Sources */ = {isa = PBXBuildFile; fileRef = 633D24892B58E35F00DB5C99 /* UIComponents.swift */; };
		634524EC2B553FA400A5E3DF /* AgoraInitializer.swift in Sources */ = {isa = PBXBuildFile; fileRef = 634524EB2B553FA400A5E3DF /* AgoraInitializer.swift */; };
		634524EF2B5542F900A5E3DF /* CallViewController.swift in Sources */ = {isa = PBXBuildFile; fileRef = 634524EE2B5542F900A5E3DF /* CallViewController.swift */; };
		634524F12B55436100A5E3DF /* CallViewModel.swift in Sources */ = {isa = PBXBuildFile; fileRef = 634524F02B55436100A5E3DF /* CallViewModel.swift */; };
		634524F52B555BC700A5E3DF /* String+Extension.swift in Sources */ = {isa = PBXBuildFile; fileRef = 634524F42B555BC700A5E3DF /* String+Extension.swift */; };
		63B3CA4F2B54C813005DF74D /* LoginViewController.swift in Sources */ = {isa = PBXBuildFile; fileRef = 63B3CA4E2B54C813005DF74D /* LoginViewController.swift */; };
		63B3CA512B54C856005DF74D /* UserListViewController.swift in Sources */ = {isa = PBXBuildFile; fileRef = 63B3CA502B54C856005DF74D /* UserListViewController.swift */; };
		63B3CA532B54C873005DF74D /* SplashScreenViewController.swift in Sources */ = {isa = PBXBuildFile; fileRef = 63B3CA522B54C873005DF74D /* SplashScreenViewController.swift */; };
		63B3CA552B54C965005DF74D /* SplashScreenViewModel.swift in Sources */ = {isa = PBXBuildFile; fileRef = 63B3CA542B54C965005DF74D /* SplashScreenViewModel.swift */; };
		63B3CA582B54DE2C005DF74D /* DependencyContainer.swift in Sources */ = {isa = PBXBuildFile; fileRef = 63B3CA572B54DE2C005DF74D /* DependencyContainer.swift */; };
		63B3CA5A2B54DE6C005DF74D /* Swinject in Frameworks */ = {isa = PBXBuildFile; productRef = 63B3CA592B54DE6C005DF74D /* Swinject */; };
		63B3CA5C2B54DE7C005DF74D /* Swinject-Dynamic in Frameworks */ = {isa = PBXBuildFile; productRef = 63B3CA5B2B54DE7C005DF74D /* Swinject-Dynamic */; };
		63B3CA5E2B54EE36005DF74D /* UIViewControllerProtocol.swift in Sources */ = {isa = PBXBuildFile; fileRef = 63B3CA5D2B54EE36005DF74D /* UIViewControllerProtocol.swift */; };
/* End PBXBuildFile section */

/* Begin PBXContainerItemProxy section */
		633388952B5411D000B4E749 /* PBXContainerItemProxy */ = {
			isa = PBXContainerItemProxy;
			containerPortal = 633388732B5411CF00B4E749 /* Project object */;
			proxyType = 1;
			remoteGlobalIDString = 6333887A2B5411CF00B4E749;
			remoteInfo = MyVoIPApp;
		};
		6333889F2B5411D000B4E749 /* PBXContainerItemProxy */ = {
			isa = PBXContainerItemProxy;
			containerPortal = 633388732B5411CF00B4E749 /* Project object */;
			proxyType = 1;
			remoteGlobalIDString = 6333887A2B5411CF00B4E749;
			remoteInfo = MyVoIPApp;
		};
/* End PBXContainerItemProxy section */

/* Begin PBXFileReference section */
		6333887B2B5411CF00B4E749 /* MyVoIPApp.app */ = {isa = PBXFileReference; explicitFileType = wrapper.application; includeInIndex = 0; path = MyVoIPApp.app; sourceTree = BUILT_PRODUCTS_DIR; };
		6333887E2B5411CF00B4E749 /* AppDelegate.swift */ = {isa = PBXFileReference; lastKnownFileType = sourcecode.swift; path = AppDelegate.swift; sourceTree = "<group>"; };
		633388802B5411CF00B4E749 /* SceneDelegate.swift */ = {isa = PBXFileReference; lastKnownFileType = sourcecode.swift; path = SceneDelegate.swift; sourceTree = "<group>"; };
		633388822B5411CF00B4E749 /* ViewController.swift */ = {isa = PBXFileReference; lastKnownFileType = sourcecode.swift; path = ViewController.swift; sourceTree = "<group>"; };
		633388852B5411CF00B4E749 /* Base */ = {isa = PBXFileReference; lastKnownFileType = file.storyboard; name = Base; path = Base.lproj/Main.storyboard; sourceTree = "<group>"; };
		633388882B5411CF00B4E749 /* MyVoIPApp.xcdatamodel */ = {isa = PBXFileReference; lastKnownFileType = wrapper.xcdatamodel; path = MyVoIPApp.xcdatamodel; sourceTree = "<group>"; };
		6333888A2B5411D000B4E749 /* Assets.xcassets */ = {isa = PBXFileReference; lastKnownFileType = folder.assetcatalog; path = Assets.xcassets; sourceTree = "<group>"; };
		6333888D2B5411D000B4E749 /* Base */ = {isa = PBXFileReference; lastKnownFileType = file.storyboard; name = Base; path = Base.lproj/LaunchScreen.storyboard; sourceTree = "<group>"; };
		6333888F2B5411D000B4E749 /* Info.plist */ = {isa = PBXFileReference; lastKnownFileType = text.plist.xml; path = Info.plist; sourceTree = "<group>"; };
		633388942B5411D000B4E749 /* MyVoIPAppTests.xctest */ = {isa = PBXFileReference; explicitFileType = wrapper.cfbundle; includeInIndex = 0; path = MyVoIPAppTests.xctest; sourceTree = BUILT_PRODUCTS_DIR; };
		633388982B5411D000B4E749 /* MyVoIPAppTests.swift */ = {isa = PBXFileReference; lastKnownFileType = sourcecode.swift; path = MyVoIPAppTests.swift; sourceTree = "<group>"; };
		6333889E2B5411D000B4E749 /* MyVoIPAppUITests.xctest */ = {isa = PBXFileReference; explicitFileType = wrapper.cfbundle; includeInIndex = 0; path = MyVoIPAppUITests.xctest; sourceTree = BUILT_PRODUCTS_DIR; };
		633388A22B5411D000B4E749 /* MyVoIPAppUITests.swift */ = {isa = PBXFileReference; lastKnownFileType = sourcecode.swift; path = MyVoIPAppUITests.swift; sourceTree = "<group>"; };
		633388A42B5411D000B4E749 /* MyVoIPAppUITestsLaunchTests.swift */ = {isa = PBXFileReference; lastKnownFileType = sourcecode.swift; path = MyVoIPAppUITestsLaunchTests.swift; sourceTree = "<group>"; };
		633636AA2B543034002DFE45 /* CoreDataStack.swift */ = {isa = PBXFileReference; lastKnownFileType = sourcecode.swift; path = CoreDataStack.swift; sourceTree = "<group>"; };
		633636AC2B5430F2002DFE45 /* UserService.swift */ = {isa = PBXFileReference; lastKnownFileType = sourcecode.swift; path = UserService.swift; sourceTree = "<group>"; };
		633636AE2B545555002DFE45 /* CoreDataTestStack.swift */ = {isa = PBXFileReference; lastKnownFileType = sourcecode.swift; path = CoreDataTestStack.swift; sourceTree = "<group>"; };
		633636B02B545598002DFE45 /* UserServiceTests.swift */ = {isa = PBXFileReference; lastKnownFileType = sourcecode.swift; path = UserServiceTests.swift; sourceTree = "<group>"; };
		633636B22B545B01002DFE45 /* LoginViewModel.swift */ = {isa = PBXFileReference; lastKnownFileType = sourcecode.swift; path = LoginViewModel.swift; sourceTree = "<group>"; };
		633636B42B545D64002DFE45 /* AgoraService.swift */ = {isa = PBXFileReference; lastKnownFileType = sourcecode.swift; path = AgoraService.swift; sourceTree = "<group>"; };
		633636B92B545F78002DFE45 /* AgoraServiceTests.swift */ = {isa = PBXFileReference; lastKnownFileType = sourcecode.swift; path = AgoraServiceTests.swift; sourceTree = "<group>"; };
		633636BD2B546140002DFE45 /* MockAgoraRtcEngineKit.swift */ = {isa = PBXFileReference; lastKnownFileType = sourcecode.swift; path = MockAgoraRtcEngineKit.swift; sourceTree = "<group>"; };
		633636BF2B546192002DFE45 /* AgoraRtcEngineKitProtocol.swift */ = {isa = PBXFileReference; lastKnownFileType = sourcecode.swift; path = AgoraRtcEngineKitProtocol.swift; sourceTree = "<group>"; };
		633636C12B5482D0002DFE45 /* LoginViewModelTests.swift */ = {isa = PBXFileReference; lastKnownFileType = sourcecode.swift; path = LoginViewModelTests.swift; sourceTree = "<group>"; };
		633636C32B54A98E002DFE45 /* FirebaseService.swift */ = {isa = PBXFileReference; lastKnownFileType = sourcecode.swift; path = FirebaseService.swift; sourceTree = "<group>"; };
		633636C52B54AA8E002DFE45 /* MockFirebaseService.swift */ = {isa = PBXFileReference; lastKnownFileType = sourcecode.swift; path = MockFirebaseService.swift; sourceTree = "<group>"; };
		633636C72B54AB05002DFE45 /* FirebaseServiceTests.swift */ = {isa = PBXFileReference; lastKnownFileType = sourcecode.swift; path = FirebaseServiceTests.swift; sourceTree = "<group>"; };
		633636C92B54B5C9002DFE45 /* UserListViewModel.swift */ = {isa = PBXFileReference; lastKnownFileType = sourcecode.swift; path = UserListViewModel.swift; sourceTree = "<group>"; };
		6339B9B42B5425FB00ACC97A /* GoogleService-Info.plist */ = {isa = PBXFileReference; fileEncoding = 4; lastKnownFileType = text.plist.xml; path = "GoogleService-Info.plist"; sourceTree = "<group>"; };
		6339B9B62B54266C00ACC97A /* GoogleService-Info-Example.plist */ = {isa = PBXFileReference; fileEncoding = 4; lastKnownFileType = text.plist.xml; path = "GoogleService-Info-Example.plist"; sourceTree = "<group>"; };
		633D24852B58B6C500DB5C99 /* Splash-Animation.json */ = {isa = PBXFileReference; fileEncoding = 4; lastKnownFileType = text.json; path = "Splash-Animation.json"; sourceTree = "<group>"; };
		633D24862B58B6C500DB5C99 /* Call-Animation.json */ = {isa = PBXFileReference; fileEncoding = 4; lastKnownFileType = text.json; path = "Call-Animation.json"; sourceTree = "<group>"; };
		633D24892B58E35F00DB5C99 /* UIComponents.swift */ = {isa = PBXFileReference; lastKnownFileType = sourcecode.swift; path = UIComponents.swift; sourceTree = "<group>"; };
		634524EB2B553FA400A5E3DF /* AgoraInitializer.swift */ = {isa = PBXFileReference; lastKnownFileType = sourcecode.swift; path = AgoraInitializer.swift; sourceTree = "<group>"; };
		634524EE2B5542F900A5E3DF /* CallViewController.swift */ = {isa = PBXFileReference; lastKnownFileType = sourcecode.swift; path = CallViewController.swift; sourceTree = "<group>"; };
		634524F02B55436100A5E3DF /* CallViewModel.swift */ = {isa = PBXFileReference; lastKnownFileType = sourcecode.swift; path = CallViewModel.swift; sourceTree = "<group>"; };
		634524F42B555BC700A5E3DF /* String+Extension.swift */ = {isa = PBXFileReference; lastKnownFileType = sourcecode.swift; path = "String+Extension.swift"; sourceTree = "<group>"; };
		63B3CA4E2B54C813005DF74D /* LoginViewController.swift */ = {isa = PBXFileReference; lastKnownFileType = sourcecode.swift; path = LoginViewController.swift; sourceTree = "<group>"; };
		63B3CA502B54C856005DF74D /* UserListViewController.swift */ = {isa = PBXFileReference; lastKnownFileType = sourcecode.swift; path = UserListViewController.swift; sourceTree = "<group>"; };
		63B3CA522B54C873005DF74D /* SplashScreenViewController.swift */ = {isa = PBXFileReference; lastKnownFileType = sourcecode.swift; path = SplashScreenViewController.swift; sourceTree = "<group>"; };
		63B3CA542B54C965005DF74D /* SplashScreenViewModel.swift */ = {isa = PBXFileReference; lastKnownFileType = sourcecode.swift; path = SplashScreenViewModel.swift; sourceTree = "<group>"; };
		63B3CA572B54DE2C005DF74D /* DependencyContainer.swift */ = {isa = PBXFileReference; lastKnownFileType = sourcecode.swift; path = DependencyContainer.swift; sourceTree = "<group>"; };
		63B3CA5D2B54EE36005DF74D /* UIViewControllerProtocol.swift */ = {isa = PBXFileReference; lastKnownFileType = sourcecode.swift; path = UIViewControllerProtocol.swift; sourceTree = "<group>"; };
/* End PBXFileReference section */

/* Begin PBXFrameworksBuildPhase section */
		633388782B5411CF00B4E749 /* Frameworks */ = {
			isa = PBXFrameworksBuildPhase;
			buildActionMask = 2147483647;
			files = (
				6339B9B32B5422E400ACC97A /* FirebaseDatabaseSwift in Frameworks */,
				6339B9B12B5422E400ACC97A /* FirebaseDatabase in Frameworks */,
				633636B82B545F59002DFE45 /* RtcBasic in Frameworks */,
				63B3CA5C2B54DE7C005DF74D /* Swinject-Dynamic in Frameworks */,
				63B3CA5A2B54DE6C005DF74D /* Swinject in Frameworks */,
				633D24822B58B30D00DB5C99 /* Lottie in Frameworks */,
			);
			runOnlyForDeploymentPostprocessing = 0;
		};
		633388912B5411D000B4E749 /* Frameworks */ = {
			isa = PBXFrameworksBuildPhase;
			buildActionMask = 2147483647;
			files = (
			);
			runOnlyForDeploymentPostprocessing = 0;
		};
		6333889B2B5411D000B4E749 /* Frameworks */ = {
			isa = PBXFrameworksBuildPhase;
			buildActionMask = 2147483647;
			files = (
			);
			runOnlyForDeploymentPostprocessing = 0;
		};
/* End PBXFrameworksBuildPhase section */

/* Begin PBXGroup section */
		633388722B5411CF00B4E749 = {
			isa = PBXGroup;
			children = (
				6333887D2B5411CF00B4E749 /* MyVoIPApp */,
				633388972B5411D000B4E749 /* MyVoIPAppTests */,
				633388A12B5411D000B4E749 /* MyVoIPAppUITests */,
				6333887C2B5411CF00B4E749 /* Products */,
			);
			sourceTree = "<group>";
		};
		6333887C2B5411CF00B4E749 /* Products */ = {
			isa = PBXGroup;
			children = (
				6333887B2B5411CF00B4E749 /* MyVoIPApp.app */,
				633388942B5411D000B4E749 /* MyVoIPAppTests.xctest */,
				6333889E2B5411D000B4E749 /* MyVoIPAppUITests.xctest */,
			);
			name = Products;
			sourceTree = "<group>";
		};
		6333887D2B5411CF00B4E749 /* MyVoIPApp */ = {
			isa = PBXGroup;
			children = (
				633D24832B58B4BB00DB5C99 /* Assets */,
				6339B9B62B54266C00ACC97A /* GoogleService-Info-Example.plist */,
				6339B9B42B5425FB00ACC97A /* GoogleService-Info.plist */,
				633388B92B54136900B4E749 /* Resources */,
				633388B82B54135B00B4E749 /* Networking */,
				633388B72B54134D00B4E749 /* Utilities */,
				633388B62B54134600B4E749 /* Services */,
				633388B42B54132500B4E749 /* Controller */,
				633388B32B54131E00B4E749 /* ViewModel */,
				633388B22B54131500B4E749 /* View */,
				633388B12B54130F00B4E749 /* Model */,
				6333887E2B5411CF00B4E749 /* AppDelegate.swift */,
				633388802B5411CF00B4E749 /* SceneDelegate.swift */,
				633388822B5411CF00B4E749 /* ViewController.swift */,
				633388842B5411CF00B4E749 /* Main.storyboard */,
				6333888A2B5411D000B4E749 /* Assets.xcassets */,
				6333888C2B5411D000B4E749 /* LaunchScreen.storyboard */,
				6333888F2B5411D000B4E749 /* Info.plist */,
				633388872B5411CF00B4E749 /* MyVoIPApp.xcdatamodeld */,
			);
			path = MyVoIPApp;
			sourceTree = "<group>";
		};
		633388972B5411D000B4E749 /* MyVoIPAppTests */ = {
			isa = PBXGroup;
			children = (
				633636BB2B546022002DFE45 /* Mocks */,
				633388BE2B5413A900B4E749 /* UtilitiesTests */,
				633388BD2B54139B00B4E749 /* ServiceTests */,
				633388BC2B54139200B4E749 /* ControllerTests */,
				633388BB2B54138900B4E749 /* ViewModelTests */,
				633388BA2B54138000B4E749 /* ModelTests */,
				633388982B5411D000B4E749 /* MyVoIPAppTests.swift */,
			);
			path = MyVoIPAppTests;
			sourceTree = "<group>";
		};
		633388A12B5411D000B4E749 /* MyVoIPAppUITests */ = {
			isa = PBXGroup;
			children = (
				633388A22B5411D000B4E749 /* MyVoIPAppUITests.swift */,
				633388A42B5411D000B4E749 /* MyVoIPAppUITestsLaunchTests.swift */,
			);
			path = MyVoIPAppUITests;
			sourceTree = "<group>";
		};
		633388B12B54130F00B4E749 /* Model */ = {
			isa = PBXGroup;
			children = (
				633388BF2B5413CA00B4E749 /* CoreDataModels */,
			);
			path = Model;
			sourceTree = "<group>";
		};
		633388B22B54131500B4E749 /* View */ = {
			isa = PBXGroup;
			children = (
				63B3CA4E2B54C813005DF74D /* LoginViewController.swift */,
				63B3CA502B54C856005DF74D /* UserListViewController.swift */,
				63B3CA522B54C873005DF74D /* SplashScreenViewController.swift */,
				63B3CA5D2B54EE36005DF74D /* UIViewControllerProtocol.swift */,
				634524EE2B5542F900A5E3DF /* CallViewController.swift */,
			);
			path = View;
			sourceTree = "<group>";
		};
		633388B32B54131E00B4E749 /* ViewModel */ = {
			isa = PBXGroup;
			children = (
				633636B22B545B01002DFE45 /* LoginViewModel.swift */,
				633636C92B54B5C9002DFE45 /* UserListViewModel.swift */,
				63B3CA542B54C965005DF74D /* SplashScreenViewModel.swift */,
				634524F02B55436100A5E3DF /* CallViewModel.swift */,
			);
			path = ViewModel;
			sourceTree = "<group>";
		};
		633388B42B54132500B4E749 /* Controller */ = {
			isa = PBXGroup;
			children = (
			);
			path = Controller;
			sourceTree = "<group>";
		};
		633388B62B54134600B4E749 /* Services */ = {
			isa = PBXGroup;
			children = (
				633388C02B5413DE00B4E749 /* CoreDataServices */,
				633636B42B545D64002DFE45 /* AgoraService.swift */,
				633636BF2B546192002DFE45 /* AgoraRtcEngineKitProtocol.swift */,
				633636C32B54A98E002DFE45 /* FirebaseService.swift */,
			);
			path = Services;
			sourceTree = "<group>";
		};
		633388B72B54134D00B4E749 /* Utilities */ = {
			isa = PBXGroup;
			children = (
				633388C12B5413EA00B4E749 /* Helpers */,
				63B3CA572B54DE2C005DF74D /* DependencyContainer.swift */,
				634524F42B555BC700A5E3DF /* String+Extension.swift */,
				633D24892B58E35F00DB5C99 /* UIComponents.swift */,
			);
			path = Utilities;
			sourceTree = "<group>";
		};
		633388B82B54135B00B4E749 /* Networking */ = {
			isa = PBXGroup;
			children = (
			);
			path = Networking;
			sourceTree = "<group>";
		};
		633388B92B54136900B4E749 /* Resources */ = {
			isa = PBXGroup;
			children = (
			);
			path = Resources;
			sourceTree = "<group>";
		};
		633388BA2B54138000B4E749 /* ModelTests */ = {
			isa = PBXGroup;
			children = (
				633388C22B54140200B4E749 /* CoreDataModelsTests */,
			);
			path = ModelTests;
			sourceTree = "<group>";
		};
		633388BB2B54138900B4E749 /* ViewModelTests */ = {
			isa = PBXGroup;
			children = (
				633636C12B5482D0002DFE45 /* LoginViewModelTests.swift */,
			);
			path = ViewModelTests;
			sourceTree = "<group>";
		};
		633388BC2B54139200B4E749 /* ControllerTests */ = {
			isa = PBXGroup;
			children = (
			);
			path = ControllerTests;
			sourceTree = "<group>";
		};
		633388BD2B54139B00B4E749 /* ServiceTests */ = {
			isa = PBXGroup;
			children = (
				633388C32B54140C00B4E749 /* CoreDataServicesTests */,
				633636B92B545F78002DFE45 /* AgoraServiceTests.swift */,
				633636C72B54AB05002DFE45 /* FirebaseServiceTests.swift */,
			);
			path = ServiceTests;
			sourceTree = "<group>";
		};
		633388BE2B5413A900B4E749 /* UtilitiesTests */ = {
			isa = PBXGroup;
			children = (
				633388C42B54141300B4E749 /* HelpersTests */,
			);
			path = UtilitiesTests;
			sourceTree = "<group>";
		};
		633388BF2B5413CA00B4E749 /* CoreDataModels */ = {
			isa = PBXGroup;
			children = (
			);
			path = CoreDataModels;
			sourceTree = "<group>";
		};
		633388C02B5413DE00B4E749 /* CoreDataServices */ = {
			isa = PBXGroup;
			children = (
				633636AA2B543034002DFE45 /* CoreDataStack.swift */,
				633636AC2B5430F2002DFE45 /* UserService.swift */,
			);
			path = CoreDataServices;
			sourceTree = "<group>";
		};
		633388C12B5413EA00B4E749 /* Helpers */ = {
			isa = PBXGroup;
			children = (
				634524EB2B553FA400A5E3DF /* AgoraInitializer.swift */,
			);
			path = Helpers;
			sourceTree = "<group>";
		};
		633388C22B54140200B4E749 /* CoreDataModelsTests */ = {
			isa = PBXGroup;
			children = (
			);
			path = CoreDataModelsTests;
			sourceTree = "<group>";
		};
		633388C32B54140C00B4E749 /* CoreDataServicesTests */ = {
			isa = PBXGroup;
			children = (
				633636AE2B545555002DFE45 /* CoreDataTestStack.swift */,
				633636B02B545598002DFE45 /* UserServiceTests.swift */,
			);
			path = CoreDataServicesTests;
			sourceTree = "<group>";
		};
		633388C42B54141300B4E749 /* HelpersTests */ = {
			isa = PBXGroup;
			children = (
			);
			path = HelpersTests;
			sourceTree = "<group>";
		};
		633636BB2B546022002DFE45 /* Mocks */ = {
			isa = PBXGroup;
			children = (
				633636BD2B546140002DFE45 /* MockAgoraRtcEngineKit.swift */,
				633636C52B54AA8E002DFE45 /* MockFirebaseService.swift */,
			);
			path = Mocks;
			sourceTree = "<group>";
		};
		633D24832B58B4BB00DB5C99 /* Assets */ = {
			isa = PBXGroup;
			children = (
				633D24842B58B4C500DB5C99 /* Animations */,
			);
			path = Assets;
			sourceTree = "<group>";
		};
		633D24842B58B4C500DB5C99 /* Animations */ = {
			isa = PBXGroup;
			children = (
				633D24862B58B6C500DB5C99 /* Call-Animation.json */,
				633D24852B58B6C500DB5C99 /* Splash-Animation.json */,
			);
			path = Animations;
			sourceTree = "<group>";
		};
/* End PBXGroup section */

/* Begin PBXNativeTarget section */
		6333887A2B5411CF00B4E749 /* MyVoIPApp */ = {
			isa = PBXNativeTarget;
			buildConfigurationList = 633388A82B5411D000B4E749 /* Build configuration list for PBXNativeTarget "MyVoIPApp" */;
			buildPhases = (
				633388772B5411CF00B4E749 /* Sources */,
				633388782B5411CF00B4E749 /* Frameworks */,
				633388792B5411CF00B4E749 /* Resources */,
			);
			buildRules = (
			);
			dependencies = (
			);
			name = MyVoIPApp;
			packageProductDependencies = (
				6339B9B02B5422E400ACC97A /* FirebaseDatabase */,
				6339B9B22B5422E400ACC97A /* FirebaseDatabaseSwift */,
				633636B72B545F59002DFE45 /* RtcBasic */,
				63B3CA592B54DE6C005DF74D /* Swinject */,
				63B3CA5B2B54DE7C005DF74D /* Swinject-Dynamic */,
				633D24812B58B30D00DB5C99 /* Lottie */,
			);
			productName = MyVoIPApp;
			productReference = 6333887B2B5411CF00B4E749 /* MyVoIPApp.app */;
			productType = "com.apple.product-type.application";
		};
		633388932B5411D000B4E749 /* MyVoIPAppTests */ = {
			isa = PBXNativeTarget;
			buildConfigurationList = 633388AB2B5411D000B4E749 /* Build configuration list for PBXNativeTarget "MyVoIPAppTests" */;
			buildPhases = (
				633388902B5411D000B4E749 /* Sources */,
				633388912B5411D000B4E749 /* Frameworks */,
				633388922B5411D000B4E749 /* Resources */,
			);
			buildRules = (
			);
			dependencies = (
				633388962B5411D000B4E749 /* PBXTargetDependency */,
			);
			name = MyVoIPAppTests;
			productName = MyVoIPAppTests;
			productReference = 633388942B5411D000B4E749 /* MyVoIPAppTests.xctest */;
			productType = "com.apple.product-type.bundle.unit-test";
		};
		6333889D2B5411D000B4E749 /* MyVoIPAppUITests */ = {
			isa = PBXNativeTarget;
			buildConfigurationList = 633388AE2B5411D000B4E749 /* Build configuration list for PBXNativeTarget "MyVoIPAppUITests" */;
			buildPhases = (
				6333889A2B5411D000B4E749 /* Sources */,
				6333889B2B5411D000B4E749 /* Frameworks */,
				6333889C2B5411D000B4E749 /* Resources */,
			);
			buildRules = (
			);
			dependencies = (
				633388A02B5411D000B4E749 /* PBXTargetDependency */,
			);
			name = MyVoIPAppUITests;
			productName = MyVoIPAppUITests;
			productReference = 6333889E2B5411D000B4E749 /* MyVoIPAppUITests.xctest */;
			productType = "com.apple.product-type.bundle.ui-testing";
		};
/* End PBXNativeTarget section */

/* Begin PBXProject section */
		633388732B5411CF00B4E749 /* Project object */ = {
			isa = PBXProject;
			attributes = {
				BuildIndependentTargetsInParallel = 1;
				LastSwiftUpdateCheck = 1520;
				LastUpgradeCheck = 1520;
				TargetAttributes = {
					6333887A2B5411CF00B4E749 = {
						CreatedOnToolsVersion = 15.2;
					};
					633388932B5411D000B4E749 = {
						CreatedOnToolsVersion = 15.2;
						TestTargetID = 6333887A2B5411CF00B4E749;
					};
					6333889D2B5411D000B4E749 = {
						CreatedOnToolsVersion = 15.2;
						TestTargetID = 6333887A2B5411CF00B4E749;
					};
				};
			};
			buildConfigurationList = 633388762B5411CF00B4E749 /* Build configuration list for PBXProject "MyVoIPApp" */;
			compatibilityVersion = "Xcode 14.0";
			developmentRegion = en;
			hasScannedForEncodings = 0;
			knownRegions = (
				en,
				Base,
			);
			mainGroup = 633388722B5411CF00B4E749;
			packageReferences = (
				6339B9AF2B5422E300ACC97A /* XCRemoteSwiftPackageReference "firebase-ios-sdk" */,
				633636B62B545F59002DFE45 /* XCRemoteSwiftPackageReference "AgoraRtcEngine_iOS" */,
				63B3CA562B54DDF9005DF74D /* XCRemoteSwiftPackageReference "Swinject" */,
				633D24802B58B30C00DB5C99 /* XCRemoteSwiftPackageReference "lottie-spm" */,
			);
			productRefGroup = 6333887C2B5411CF00B4E749 /* Products */;
			projectDirPath = "";
			projectRoot = "";
			targets = (
				6333887A2B5411CF00B4E749 /* MyVoIPApp */,
				633388932B5411D000B4E749 /* MyVoIPAppTests */,
				6333889D2B5411D000B4E749 /* MyVoIPAppUITests */,
			);
		};
/* End PBXProject section */

/* Begin PBXResourcesBuildPhase section */
		633388792B5411CF00B4E749 /* Resources */ = {
			isa = PBXResourcesBuildPhase;
			buildActionMask = 2147483647;
			files = (
				6333888E2B5411D000B4E749 /* LaunchScreen.storyboard in Resources */,
				633D24872B58B6C500DB5C99 /* Splash-Animation.json in Resources */,
				6339B9B52B5425FB00ACC97A /* GoogleService-Info.plist in Resources */,
				6333888B2B5411D000B4E749 /* Assets.xcassets in Resources */,
				633D24882B58B6C500DB5C99 /* Call-Animation.json in Resources */,
				633388862B5411CF00B4E749 /* Main.storyboard in Resources */,
				6339B9B72B54266C00ACC97A /* GoogleService-Info-Example.plist in Resources */,
			);
			runOnlyForDeploymentPostprocessing = 0;
		};
		633388922B5411D000B4E749 /* Resources */ = {
			isa = PBXResourcesBuildPhase;
			buildActionMask = 2147483647;
			files = (
			);
			runOnlyForDeploymentPostprocessing = 0;
		};
		6333889C2B5411D000B4E749 /* Resources */ = {
			isa = PBXResourcesBuildPhase;
			buildActionMask = 2147483647;
			files = (
			);
			runOnlyForDeploymentPostprocessing = 0;
		};
/* End PBXResourcesBuildPhase section */

/* Begin PBXSourcesBuildPhase section */
		633388772B5411CF00B4E749 /* Sources */ = {
			isa = PBXSourcesBuildPhase;
			buildActionMask = 2147483647;
			files = (
				633636B52B545D64002DFE45 /* AgoraService.swift in Sources */,
				633D248A2B58E35F00DB5C99 /* UIComponents.swift in Sources */,
				634524F52B555BC700A5E3DF /* String+Extension.swift in Sources */,
				633636CA2B54B5C9002DFE45 /* UserListViewModel.swift in Sources */,
				634524EF2B5542F900A5E3DF /* CallViewController.swift in Sources */,
				63B3CA532B54C873005DF74D /* SplashScreenViewController.swift in Sources */,
				633636AB2B543034002DFE45 /* CoreDataStack.swift in Sources */,
				633388832B5411CF00B4E749 /* ViewController.swift in Sources */,
				634524EC2B553FA400A5E3DF /* AgoraInitializer.swift in Sources */,
				633636AD2B5430F2002DFE45 /* UserService.swift in Sources */,
				63B3CA582B54DE2C005DF74D /* DependencyContainer.swift in Sources */,
				6333887F2B5411CF00B4E749 /* AppDelegate.swift in Sources */,
				63B3CA4F2B54C813005DF74D /* LoginViewController.swift in Sources */,
				633388812B5411CF00B4E749 /* SceneDelegate.swift in Sources */,
				63B3CA5E2B54EE36005DF74D /* UIViewControllerProtocol.swift in Sources */,
				63B3CA512B54C856005DF74D /* UserListViewController.swift in Sources */,
				633636C42B54A98E002DFE45 /* FirebaseService.swift in Sources */,
				633388892B5411CF00B4E749 /* MyVoIPApp.xcdatamodeld in Sources */,
				633636B32B545B01002DFE45 /* LoginViewModel.swift in Sources */,
				633636C02B546192002DFE45 /* AgoraRtcEngineKitProtocol.swift in Sources */,
				634524F12B55436100A5E3DF /* CallViewModel.swift in Sources */,
				63B3CA552B54C965005DF74D /* SplashScreenViewModel.swift in Sources */,
			);
			runOnlyForDeploymentPostprocessing = 0;
		};
		633388902B5411D000B4E749 /* Sources */ = {
			isa = PBXSourcesBuildPhase;
			buildActionMask = 2147483647;
			files = (
				633636C62B54AA8E002DFE45 /* MockFirebaseService.swift in Sources */,
				633636C22B5482D0002DFE45 /* LoginViewModelTests.swift in Sources */,
				633636C82B54AB05002DFE45 /* FirebaseServiceTests.swift in Sources */,
				633636BE2B546140002DFE45 /* MockAgoraRtcEngineKit.swift in Sources */,
				633636BA2B545F78002DFE45 /* AgoraServiceTests.swift in Sources */,
				633388992B5411D000B4E749 /* MyVoIPAppTests.swift in Sources */,
				633636AF2B545555002DFE45 /* CoreDataTestStack.swift in Sources */,
				633636B12B545598002DFE45 /* UserServiceTests.swift in Sources */,
			);
			runOnlyForDeploymentPostprocessing = 0;
		};
		6333889A2B5411D000B4E749 /* Sources */ = {
			isa = PBXSourcesBuildPhase;
			buildActionMask = 2147483647;
			files = (
				633388A52B5411D000B4E749 /* MyVoIPAppUITestsLaunchTests.swift in Sources */,
				633388A32B5411D000B4E749 /* MyVoIPAppUITests.swift in Sources */,
			);
			runOnlyForDeploymentPostprocessing = 0;
		};
/* End PBXSourcesBuildPhase section */

/* Begin PBXTargetDependency section */
		633388962B5411D000B4E749 /* PBXTargetDependency */ = {
			isa = PBXTargetDependency;
			target = 6333887A2B5411CF00B4E749 /* MyVoIPApp */;
			targetProxy = 633388952B5411D000B4E749 /* PBXContainerItemProxy */;
		};
		633388A02B5411D000B4E749 /* PBXTargetDependency */ = {
			isa = PBXTargetDependency;
			target = 6333887A2B5411CF00B4E749 /* MyVoIPApp */;
			targetProxy = 6333889F2B5411D000B4E749 /* PBXContainerItemProxy */;
		};
/* End PBXTargetDependency section */

/* Begin PBXVariantGroup section */
		633388842B5411CF00B4E749 /* Main.storyboard */ = {
			isa = PBXVariantGroup;
			children = (
				633388852B5411CF00B4E749 /* Base */,
			);
			name = Main.storyboard;
			sourceTree = "<group>";
		};
		6333888C2B5411D000B4E749 /* LaunchScreen.storyboard */ = {
			isa = PBXVariantGroup;
			children = (
				6333888D2B5411D000B4E749 /* Base */,
			);
			name = LaunchScreen.storyboard;
			sourceTree = "<group>";
		};
/* End PBXVariantGroup section */

/* Begin XCBuildConfiguration section */
		633388A62B5411D000B4E749 /* Debug */ = {
			isa = XCBuildConfiguration;
			buildSettings = {
				ALWAYS_SEARCH_USER_PATHS = NO;
				ASSETCATALOG_COMPILER_GENERATE_SWIFT_ASSET_SYMBOL_EXTENSIONS = YES;
				CLANG_ANALYZER_NONNULL = YES;
				CLANG_ANALYZER_NUMBER_OBJECT_CONVERSION = YES_AGGRESSIVE;
				CLANG_CXX_LANGUAGE_STANDARD = "gnu++20";
				CLANG_ENABLE_MODULES = YES;
				CLANG_ENABLE_OBJC_ARC = YES;
				CLANG_ENABLE_OBJC_WEAK = YES;
				CLANG_WARN_BLOCK_CAPTURE_AUTORELEASING = YES;
				CLANG_WARN_BOOL_CONVERSION = YES;
				CLANG_WARN_COMMA = YES;
				CLANG_WARN_CONSTANT_CONVERSION = YES;
				CLANG_WARN_DEPRECATED_OBJC_IMPLEMENTATIONS = YES;
				CLANG_WARN_DIRECT_OBJC_ISA_USAGE = YES_ERROR;
				CLANG_WARN_DOCUMENTATION_COMMENTS = YES;
				CLANG_WARN_EMPTY_BODY = YES;
				CLANG_WARN_ENUM_CONVERSION = YES;
				CLANG_WARN_INFINITE_RECURSION = YES;
				CLANG_WARN_INT_CONVERSION = YES;
				CLANG_WARN_NON_LITERAL_NULL_CONVERSION = YES;
				CLANG_WARN_OBJC_IMPLICIT_RETAIN_SELF = YES;
				CLANG_WARN_OBJC_LITERAL_CONVERSION = YES;
				CLANG_WARN_OBJC_ROOT_CLASS = YES_ERROR;
				CLANG_WARN_QUOTED_INCLUDE_IN_FRAMEWORK_HEADER = YES;
				CLANG_WARN_RANGE_LOOP_ANALYSIS = YES;
				CLANG_WARN_STRICT_PROTOTYPES = YES;
				CLANG_WARN_SUSPICIOUS_MOVE = YES;
				CLANG_WARN_UNGUARDED_AVAILABILITY = YES_AGGRESSIVE;
				CLANG_WARN_UNREACHABLE_CODE = YES;
				CLANG_WARN__DUPLICATE_METHOD_MATCH = YES;
				COPY_PHASE_STRIP = NO;
				DEBUG_INFORMATION_FORMAT = dwarf;
				ENABLE_STRICT_OBJC_MSGSEND = YES;
				ENABLE_TESTABILITY = YES;
				ENABLE_USER_SCRIPT_SANDBOXING = YES;
				GCC_C_LANGUAGE_STANDARD = gnu17;
				GCC_DYNAMIC_NO_PIC = NO;
				GCC_NO_COMMON_BLOCKS = YES;
				GCC_OPTIMIZATION_LEVEL = 0;
				GCC_PREPROCESSOR_DEFINITIONS = (
					"DEBUG=1",
					"$(inherited)",
				);
				GCC_WARN_64_TO_32_BIT_CONVERSION = YES;
				GCC_WARN_ABOUT_RETURN_TYPE = YES_ERROR;
				GCC_WARN_UNDECLARED_SELECTOR = YES;
				GCC_WARN_UNINITIALIZED_AUTOS = YES_AGGRESSIVE;
				GCC_WARN_UNUSED_FUNCTION = YES;
				GCC_WARN_UNUSED_VARIABLE = YES;
				IPHONEOS_DEPLOYMENT_TARGET = 17.2;
				LOCALIZATION_PREFERS_STRING_CATALOGS = YES;
				MTL_ENABLE_DEBUG_INFO = INCLUDE_SOURCE;
				MTL_FAST_MATH = YES;
				ONLY_ACTIVE_ARCH = YES;
				SDKROOT = iphoneos;
				SWIFT_ACTIVE_COMPILATION_CONDITIONS = "DEBUG $(inherited)";
				SWIFT_OPTIMIZATION_LEVEL = "-Onone";
			};
			name = Debug;
		};
		633388A72B5411D000B4E749 /* Release */ = {
			isa = XCBuildConfiguration;
			buildSettings = {
				ALWAYS_SEARCH_USER_PATHS = NO;
				ASSETCATALOG_COMPILER_GENERATE_SWIFT_ASSET_SYMBOL_EXTENSIONS = YES;
				CLANG_ANALYZER_NONNULL = YES;
				CLANG_ANALYZER_NUMBER_OBJECT_CONVERSION = YES_AGGRESSIVE;
				CLANG_CXX_LANGUAGE_STANDARD = "gnu++20";
				CLANG_ENABLE_MODULES = YES;
				CLANG_ENABLE_OBJC_ARC = YES;
				CLANG_ENABLE_OBJC_WEAK = YES;
				CLANG_WARN_BLOCK_CAPTURE_AUTORELEASING = YES;
				CLANG_WARN_BOOL_CONVERSION = YES;
				CLANG_WARN_COMMA = YES;
				CLANG_WARN_CONSTANT_CONVERSION = YES;
				CLANG_WARN_DEPRECATED_OBJC_IMPLEMENTATIONS = YES;
				CLANG_WARN_DIRECT_OBJC_ISA_USAGE = YES_ERROR;
				CLANG_WARN_DOCUMENTATION_COMMENTS = YES;
				CLANG_WARN_EMPTY_BODY = YES;
				CLANG_WARN_ENUM_CONVERSION = YES;
				CLANG_WARN_INFINITE_RECURSION = YES;
				CLANG_WARN_INT_CONVERSION = YES;
				CLANG_WARN_NON_LITERAL_NULL_CONVERSION = YES;
				CLANG_WARN_OBJC_IMPLICIT_RETAIN_SELF = YES;
				CLANG_WARN_OBJC_LITERAL_CONVERSION = YES;
				CLANG_WARN_OBJC_ROOT_CLASS = YES_ERROR;
				CLANG_WARN_QUOTED_INCLUDE_IN_FRAMEWORK_HEADER = YES;
				CLANG_WARN_RANGE_LOOP_ANALYSIS = YES;
				CLANG_WARN_STRICT_PROTOTYPES = YES;
				CLANG_WARN_SUSPICIOUS_MOVE = YES;
				CLANG_WARN_UNGUARDED_AVAILABILITY = YES_AGGRESSIVE;
				CLANG_WARN_UNREACHABLE_CODE = YES;
				CLANG_WARN__DUPLICATE_METHOD_MATCH = YES;
				COPY_PHASE_STRIP = NO;
				DEBUG_INFORMATION_FORMAT = "dwarf-with-dsym";
				ENABLE_NS_ASSERTIONS = NO;
				ENABLE_STRICT_OBJC_MSGSEND = YES;
				ENABLE_USER_SCRIPT_SANDBOXING = YES;
				GCC_C_LANGUAGE_STANDARD = gnu17;
				GCC_NO_COMMON_BLOCKS = YES;
				GCC_WARN_64_TO_32_BIT_CONVERSION = YES;
				GCC_WARN_ABOUT_RETURN_TYPE = YES_ERROR;
				GCC_WARN_UNDECLARED_SELECTOR = YES;
				GCC_WARN_UNINITIALIZED_AUTOS = YES_AGGRESSIVE;
				GCC_WARN_UNUSED_FUNCTION = YES;
				GCC_WARN_UNUSED_VARIABLE = YES;
				IPHONEOS_DEPLOYMENT_TARGET = 17.2;
				LOCALIZATION_PREFERS_STRING_CATALOGS = YES;
				MTL_ENABLE_DEBUG_INFO = NO;
				MTL_FAST_MATH = YES;
				SDKROOT = iphoneos;
				SWIFT_COMPILATION_MODE = wholemodule;
				VALIDATE_PRODUCT = YES;
			};
			name = Release;
		};
		633388A92B5411D000B4E749 /* Debug */ = {
			isa = XCBuildConfiguration;
			buildSettings = {
				ASSETCATALOG_COMPILER_APPICON_NAME = AppIcon;
				ASSETCATALOG_COMPILER_GLOBAL_ACCENT_COLOR_NAME = AccentColor;
				CODE_SIGN_STYLE = Automatic;
				CURRENT_PROJECT_VERSION = 1;
				GENERATE_INFOPLIST_FILE = YES;
				INFOPLIST_FILE = MyVoIPApp/Info.plist;
				INFOPLIST_KEY_UIApplicationSupportsIndirectInputEvents = YES;
				INFOPLIST_KEY_UILaunchStoryboardName = LaunchScreen;
				INFOPLIST_KEY_UIMainStoryboardFile = Main;
				INFOPLIST_KEY_UISupportedInterfaceOrientations_iPad = "UIInterfaceOrientationPortrait UIInterfaceOrientationPortraitUpsideDown UIInterfaceOrientationLandscapeLeft UIInterfaceOrientationLandscapeRight";
				INFOPLIST_KEY_UISupportedInterfaceOrientations_iPhone = "UIInterfaceOrientationPortrait UIInterfaceOrientationLandscapeLeft UIInterfaceOrientationLandscapeRight";
				LD_RUNPATH_SEARCH_PATHS = (
					"$(inherited)",
					"@executable_path/Frameworks",
				);
				MARKETING_VERSION = 1.0;
				PRODUCT_BUNDLE_IDENTIFIER = com.test.code.MyVoIPApp;
				PRODUCT_NAME = "$(TARGET_NAME)";
				SWIFT_EMIT_LOC_STRINGS = YES;
				SWIFT_VERSION = 5.0;
				TARGETED_DEVICE_FAMILY = "1,2";
			};
			name = Debug;
		};
		633388AA2B5411D000B4E749 /* Release */ = {
			isa = XCBuildConfiguration;
			buildSettings = {
				ASSETCATALOG_COMPILER_APPICON_NAME = AppIcon;
				ASSETCATALOG_COMPILER_GLOBAL_ACCENT_COLOR_NAME = AccentColor;
				CODE_SIGN_STYLE = Automatic;
				CURRENT_PROJECT_VERSION = 1;
				GENERATE_INFOPLIST_FILE = YES;
				INFOPLIST_FILE = MyVoIPApp/Info.plist;
				INFOPLIST_KEY_UIApplicationSupportsIndirectInputEvents = YES;
				INFOPLIST_KEY_UILaunchStoryboardName = LaunchScreen;
				INFOPLIST_KEY_UIMainStoryboardFile = Main;
				INFOPLIST_KEY_UISupportedInterfaceOrientations_iPad = "UIInterfaceOrientationPortrait UIInterfaceOrientationPortraitUpsideDown UIInterfaceOrientationLandscapeLeft UIInterfaceOrientationLandscapeRight";
				INFOPLIST_KEY_UISupportedInterfaceOrientations_iPhone = "UIInterfaceOrientationPortrait UIInterfaceOrientationLandscapeLeft UIInterfaceOrientationLandscapeRight";
				LD_RUNPATH_SEARCH_PATHS = (
					"$(inherited)",
					"@executable_path/Frameworks",
				);
				MARKETING_VERSION = 1.0;
				PRODUCT_BUNDLE_IDENTIFIER = com.test.code.MyVoIPApp;
				PRODUCT_NAME = "$(TARGET_NAME)";
				SWIFT_EMIT_LOC_STRINGS = YES;
				SWIFT_VERSION = 5.0;
				TARGETED_DEVICE_FAMILY = "1,2";
			};
			name = Release;
		};
		633388AC2B5411D000B4E749 /* Debug */ = {
			isa = XCBuildConfiguration;
			buildSettings = {
				ALWAYS_EMBED_SWIFT_STANDARD_LIBRARIES = YES;
				BUNDLE_LOADER = "$(TEST_HOST)";
				CODE_SIGN_STYLE = Automatic;
				CURRENT_PROJECT_VERSION = 1;
				GENERATE_INFOPLIST_FILE = YES;
				IPHONEOS_DEPLOYMENT_TARGET = 17.2;
				MARKETING_VERSION = 1.0;
				PRODUCT_BUNDLE_IDENTIFIER = com.test.code.MyVoIPAppTests;
				PRODUCT_NAME = "$(TARGET_NAME)";
				SWIFT_EMIT_LOC_STRINGS = NO;
				SWIFT_VERSION = 5.0;
				TARGETED_DEVICE_FAMILY = "1,2";
				TEST_HOST = "$(BUILT_PRODUCTS_DIR)/MyVoIPApp.app/$(BUNDLE_EXECUTABLE_FOLDER_PATH)/MyVoIPApp";
			};
			name = Debug;
		};
		633388AD2B5411D000B4E749 /* Release */ = {
			isa = XCBuildConfiguration;
			buildSettings = {
				ALWAYS_EMBED_SWIFT_STANDARD_LIBRARIES = YES;
				BUNDLE_LOADER = "$(TEST_HOST)";
				CODE_SIGN_STYLE = Automatic;
				CURRENT_PROJECT_VERSION = 1;
				GENERATE_INFOPLIST_FILE = YES;
				IPHONEOS_DEPLOYMENT_TARGET = 17.2;
				MARKETING_VERSION = 1.0;
				PRODUCT_BUNDLE_IDENTIFIER = com.test.code.MyVoIPAppTests;
				PRODUCT_NAME = "$(TARGET_NAME)";
				SWIFT_EMIT_LOC_STRINGS = NO;
				SWIFT_VERSION = 5.0;
				TARGETED_DEVICE_FAMILY = "1,2";
				TEST_HOST = "$(BUILT_PRODUCTS_DIR)/MyVoIPApp.app/$(BUNDLE_EXECUTABLE_FOLDER_PATH)/MyVoIPApp";
			};
			name = Release;
		};
		633388AF2B5411D000B4E749 /* Debug */ = {
			isa = XCBuildConfiguration;
			buildSettings = {
				ALWAYS_EMBED_SWIFT_STANDARD_LIBRARIES = YES;
				CODE_SIGN_STYLE = Automatic;
				CURRENT_PROJECT_VERSION = 1;
				GENERATE_INFOPLIST_FILE = YES;
				MARKETING_VERSION = 1.0;
				PRODUCT_BUNDLE_IDENTIFIER = com.test.code.MyVoIPAppUITests;
				PRODUCT_NAME = "$(TARGET_NAME)";
				SWIFT_EMIT_LOC_STRINGS = NO;
				SWIFT_VERSION = 5.0;
				TARGETED_DEVICE_FAMILY = "1,2";
				TEST_TARGET_NAME = MyVoIPApp;
			};
			name = Debug;
		};
		633388B02B5411D000B4E749 /* Release */ = {
			isa = XCBuildConfiguration;
			buildSettings = {
				ALWAYS_EMBED_SWIFT_STANDARD_LIBRARIES = YES;
				CODE_SIGN_STYLE = Automatic;
				CURRENT_PROJECT_VERSION = 1;
				GENERATE_INFOPLIST_FILE = YES;
				MARKETING_VERSION = 1.0;
				PRODUCT_BUNDLE_IDENTIFIER = com.test.code.MyVoIPAppUITests;
				PRODUCT_NAME = "$(TARGET_NAME)";
				SWIFT_EMIT_LOC_STRINGS = NO;
				SWIFT_VERSION = 5.0;
				TARGETED_DEVICE_FAMILY = "1,2";
				TEST_TARGET_NAME = MyVoIPApp;
			};
			name = Release;
		};
/* End XCBuildConfiguration section */

/* Begin XCConfigurationList section */
		633388762B5411CF00B4E749 /* Build configuration list for PBXProject "MyVoIPApp" */ = {
			isa = XCConfigurationList;
			buildConfigurations = (
				633388A62B5411D000B4E749 /* Debug */,
				633388A72B5411D000B4E749 /* Release */,
			);
			defaultConfigurationIsVisible = 0;
			defaultConfigurationName = Release;
		};
		633388A82B5411D000B4E749 /* Build configuration list for PBXNativeTarget "MyVoIPApp" */ = {
			isa = XCConfigurationList;
			buildConfigurations = (
				633388A92B5411D000B4E749 /* Debug */,
				633388AA2B5411D000B4E749 /* Release */,
			);
			defaultConfigurationIsVisible = 0;
			defaultConfigurationName = Release;
		};
		633388AB2B5411D000B4E749 /* Build configuration list for PBXNativeTarget "MyVoIPAppTests" */ = {
			isa = XCConfigurationList;
			buildConfigurations = (
				633388AC2B5411D000B4E749 /* Debug */,
				633388AD2B5411D000B4E749 /* Release */,
			);
			defaultConfigurationIsVisible = 0;
			defaultConfigurationName = Release;
		};
		633388AE2B5411D000B4E749 /* Build configuration list for PBXNativeTarget "MyVoIPAppUITests" */ = {
			isa = XCConfigurationList;
			buildConfigurations = (
				633388AF2B5411D000B4E749 /* Debug */,
				633388B02B5411D000B4E749 /* Release */,
			);
			defaultConfigurationIsVisible = 0;
			defaultConfigurationName = Release;
		};
/* End XCConfigurationList section */

/* Begin XCRemoteSwiftPackageReference section */
		633636B62B545F59002DFE45 /* XCRemoteSwiftPackageReference "AgoraRtcEngine_iOS" */ = {
			isa = XCRemoteSwiftPackageReference;
			repositoryURL = "https://github.com/AgoraIO/AgoraRtcEngine_iOS.git";
			requirement = {
				kind = upToNextMajorVersion;
				minimumVersion = 4.2.6;
			};
		};
		6339B9AF2B5422E300ACC97A /* XCRemoteSwiftPackageReference "firebase-ios-sdk" */ = {
			isa = XCRemoteSwiftPackageReference;
			repositoryURL = "https://github.com/firebase/firebase-ios-sdk";
			requirement = {
				kind = upToNextMajorVersion;
				minimumVersion = 10.19.1;
			};
		};
		633D24802B58B30C00DB5C99 /* XCRemoteSwiftPackageReference "lottie-spm" */ = {
			isa = XCRemoteSwiftPackageReference;
			repositoryURL = "https://github.com/airbnb/lottie-spm.git";
			requirement = {
				kind = upToNextMajorVersion;
				minimumVersion = 4.3.4;
			};
		};
		63B3CA562B54DDF9005DF74D /* XCRemoteSwiftPackageReference "Swinject" */ = {
			isa = XCRemoteSwiftPackageReference;
			repositoryURL = "https://github.com/Swinject/Swinject.git";
			requirement = {
				kind = upToNextMajorVersion;
				minimumVersion = 2.8.4;
			};
		};
/* End XCRemoteSwiftPackageReference section */

/* Begin XCSwiftPackageProductDependency section */
		633636B72B545F59002DFE45 /* RtcBasic */ = {
			isa = XCSwiftPackageProductDependency;
			package = 633636B62B545F59002DFE45 /* XCRemoteSwiftPackageReference "AgoraRtcEngine_iOS" */;
			productName = RtcBasic;
		};
		6339B9B02B5422E400ACC97A /* FirebaseDatabase */ = {
			isa = XCSwiftPackageProductDependency;
			package = 6339B9AF2B5422E300ACC97A /* XCRemoteSwiftPackageReference "firebase-ios-sdk" */;
			productName = FirebaseDatabase;
		};
		6339B9B22B5422E400ACC97A /* FirebaseDatabaseSwift */ = {
			isa = XCSwiftPackageProductDependency;
			package = 6339B9AF2B5422E300ACC97A /* XCRemoteSwiftPackageReference "firebase-ios-sdk" */;
			productName = FirebaseDatabaseSwift;
		};
		633D24812B58B30D00DB5C99 /* Lottie */ = {
			isa = XCSwiftPackageProductDependency;
			package = 633D24802B58B30C00DB5C99 /* XCRemoteSwiftPackageReference "lottie-spm" */;
			productName = Lottie;
		};
		63B3CA592B54DE6C005DF74D /* Swinject */ = {
			isa = XCSwiftPackageProductDependency;
			package = 63B3CA562B54DDF9005DF74D /* XCRemoteSwiftPackageReference "Swinject" */;
			productName = Swinject;
		};
		63B3CA5B2B54DE7C005DF74D /* Swinject-Dynamic */ = {
			isa = XCSwiftPackageProductDependency;
			package = 63B3CA562B54DDF9005DF74D /* XCRemoteSwiftPackageReference "Swinject" */;
			productName = "Swinject-Dynamic";
		};
/* End XCSwiftPackageProductDependency section */

/* Begin XCVersionGroup section */
		633388872B5411CF00B4E749 /* MyVoIPApp.xcdatamodeld */ = {
			isa = XCVersionGroup;
			children = (
				633388882B5411CF00B4E749 /* MyVoIPApp.xcdatamodel */,
			);
			currentVersion = 633388882B5411CF00B4E749 /* MyVoIPApp.xcdatamodel */;
			path = MyVoIPApp.xcdatamodeld;
			sourceTree = "<group>";
			versionGroupType = wrapper.xcdatamodel;
		};
/* End XCVersionGroup section */
	};
	rootObject = 633388732B5411CF00B4E749 /* Project object */;
}
